# THIS IS AN AUTOGENERATED FILE. DO NOT EDIT THIS FILE DIRECTLY.
# yarn lockfile v1


agentkeepalive@^2.0.3:
  version "2.2.0"
  resolved "https://registry.yarnpkg.com/agentkeepalive/-/agentkeepalive-2.2.0.tgz#c5d1bd4b129008f1163f236f86e5faea2026e2ef"

debug@^2.2.0:
  version "2.5.1"
  resolved "https://registry.yarnpkg.com/debug/-/debug-2.5.1.tgz#9107bb4a506052ec2a02314bc606313ed2b921c1"
  dependencies:
    ms "0.7.2"

dom-walk@^0.1.0:
  version "0.1.1"
  resolved "https://registry.yarnpkg.com/dom-walk/-/dom-walk-0.1.1.tgz#672226dc74c8f799ad35307df936aba11acd6018"

global@^4.3.1:
  version "4.3.1"
  resolved "https://registry.yarnpkg.com/global/-/global-4.3.1.tgz#5f757908c7cbabce54f386ae440e11e26b7916df"
  dependencies:
    min-document "^2.19.0"
    process "~0.5.1"

is-typedarray@^1.0.0:
  version "1.0.0"
  resolved "https://registry.yarnpkg.com/is-typedarray/-/is-typedarray-1.0.0.tgz#e479c80858df0c1b11ddda6940f96011fcda4a9a"

loadtest@^2.2.1:
  version "2.2.1"
  resolved "https://registry.yarnpkg.com/loadtest/-/loadtest-2.2.1.tgz#3fa7e34640ce65b9e7634f564beb557c3561b5f0"
  dependencies:
    agentkeepalive "^2.0.3"
    log "1.4.*"
    prototypes ">= 0.4.3"
    stdio "^0.2.3"
    testing "^0.2.3"
    websocket "^1.0.22"

log@*, log@1.4.*:
  version "1.4.0"
  resolved "https://registry.yarnpkg.com/log/-/log-1.4.0.tgz#4ba1d890fde249b031dca03bc37eaaf325656f1c"

min-document@^2.19.0:
  version "2.19.0"
  resolved "https://registry.yarnpkg.com/min-document/-/min-document-2.19.0.tgz#7bd282e3f5842ed295bb748cdd9f1ffa2c824685"
  dependencies:
    dom-walk "^0.1.0"

ms@0.7.2:
  version "0.7.2"
  resolved "https://registry.yarnpkg.com/ms/-/ms-0.7.2.tgz#ae25cf2512b3885a1d95d7f037868d8431124765"

nan@^2.3.3:
  version "2.5.0"
  resolved "https://registry.yarnpkg.com/nan/-/nan-2.5.0.tgz#aa8f1e34531d807e9e27755b234b4a6ec0c152a8"

process@~0.5.1:
  version "0.5.2"
  resolved "https://registry.yarnpkg.com/process/-/process-0.5.2.tgz#1638d8a8e34c2f440a91db95ab9aeb677fc185cf"

"prototypes@>= 0.4.3":
  version "2.1.0"
  resolved "https://registry.yarnpkg.com/prototypes/-/prototypes-2.1.0.tgz#8a92913a4584f8a31efbbbf4405f9db8f6b0f460"

stdio@^0.2.3:
  version "0.2.7"
  resolved "https://registry.yarnpkg.com/stdio/-/stdio-0.2.7.tgz#a1c57da10fe1cfaa0c3bf683c9d0743d1b660839"

testing@^0.2.3:
  version "0.2.3"
  resolved "https://registry.yarnpkg.com/testing/-/testing-0.2.3.tgz#33b768f35590475c506796d8b1f7e2a8921a2aec"
  dependencies:
    log "*"

typedarray-to-buffer@^3.1.2:
  version "3.1.2"
  resolved "https://registry.yarnpkg.com/typedarray-to-buffer/-/typedarray-to-buffer-3.1.2.tgz#1017b32d984ff556eba100f501589aba1ace2e04"
  dependencies:
    is-typedarray "^1.0.0"

websocket@^1.0.22:
  version "1.0.23"
  resolved "https://registry.yarnpkg.com/websocket/-/websocket-1.0.23.tgz#20de8ec4a7126b09465578cd5dbb29a9c296aac6"
  dependencies:
    debug "^2.2.0"
    nan "^2.3.3"
    typedarray-to-buffer "^3.1.2"
    yaeti "^0.0.4"

yaeti@^0.0.4:
  version "0.0.4"
  resolved "https://registry.yarnpkg.com/yaeti/-/yaeti-0.0.4.tgz#89fe739c45ac4491028973193262a837693a66b6"
